
Microsoft Visual Studio Solution File, Format Version 12.00
# Visual Studio 15
VisualStudioVersion = 15.0.26124.0
MinimumVisualStudioVersion = 15.0.26124.0
Project("{2150E333-8FDC-42A3-9474-1A3956D46DE8}") = "DirectClient", "DirectClient", "{E00D3439-F075-4184-9F4B-CE86B239CB25}"
EndProject
Project("{FAE04EC0-301F-11D3-BF4B-00C04F79EFBC}") = "DirectClient", "DirectClient\DirectClient\DirectClient.csproj", "{2C78F284-9853-4E77-96EB-6E8CF7B7D896}"
EndProject
Project("{2150E333-8FDC-42A3-9474-1A3956D46DE8}") = "DiscoverableService", "DiscoverableService", "{87DB5894-099B-4359-AC39-443204BC7CDE}"
EndProject
Project("{FAE04EC0-301F-11D3-BF4B-00C04F79EFBC}") = "WcfService", "DiscoverableService\WcfService\WcfService.csproj", "{55FA4D5C-0974-4888-AA3F-637C0D59A37A}"
EndProject
Project("{2150E333-8FDC-42A3-9474-1A3956D46DE8}") = "DiscoveringClient", "DiscoveringClient", "{2BDCC63B-89CF-4C10-BE57-BBBD337F63D1}"
EndProject
Project("{FAE04EC0-301F-11D3-BF4B-00C04F79EFBC}") = "DiscoveringClient", "DiscoveringClient\DiscoveringClient\DiscoveringClient.csproj", "{90AF7E06-6B4E-433B-A6DE-A12ED8966450}"
EndProject
Global
	GlobalSection(SolutionConfigurationPlatforms) = preSolution
		Debug|Any CPU = Debug|Any CPU
		Debug|x64 = Debug|x64
		Debug|x86 = Debug|x86
		Release|Any CPU = Release|Any CPU
		Release|x64 = Release|x64
		Release|x86 = Release|x86
	EndGlobalSection
	GlobalSection(SolutionProperties) = preSolution
		HideSolutionNode = FALSE
	EndGlobalSection
	GlobalSection(ProjectConfigurationPlatforms) = postSolution
		{2C78F284-9853-4E77-96EB-6E8CF7B7D896}.Debug|Any CPU.ActiveCfg = Debug|Any CPU
		{2C78F284-9853-4E77-96EB-6E8CF7B7D896}.Debug|Any CPU.Build.0 = Debug|Any CPU
		{2C78F284-9853-4E77-96EB-6E8CF7B7D896}.Debug|x64.ActiveCfg = Debug|Any CPU
		{2C78F284-9853-4E77-96EB-6E8CF7B7D896}.Debug|x64.Build.0 = Debug|Any CPU
		{2C78F284-9853-4E77-96EB-6E8CF7B7D896}.Debug|x86.ActiveCfg = Debug|Any CPU
		{2C78F284-9853-4E77-96EB-6E8CF7B7D896}.Debug|x86.Build.0 = Debug|Any CPU
		{2C78F284-9853-4E77-96EB-6E8CF7B7D896}.Release|Any CPU.ActiveCfg = Release|Any CPU
		{2C78F284-9853-4E77-96EB-6E8CF7B7D896}.Release|Any CPU.Build.0 = Release|Any CPU
		{2C78F284-9853-4E77-96EB-6E8CF7B7D896}.Release|x64.ActiveCfg = Release|Any CPU
		{2C78F284-9853-4E77-96EB-6E8CF7B7D896}.Release|x64.Build.0 = Release|Any CPU
		{2C78F284-9853-4E77-96EB-6E8CF7B7D896}.Release|x86.ActiveCfg = Release|Any CPU
		{2C78F284-9853-4E77-96EB-6E8CF7B7D896}.Release|x86.Build.0 = Release|Any CPU
		{55FA4D5C-0974-4888-AA3F-637C0D59A37A}.Debug|Any CPU.ActiveCfg = Debug|Any CPU
		{55FA4D5C-0974-4888-AA3F-637C0D59A37A}.Debug|Any CPU.Build.0 = Debug|Any CPU
		{55FA4D5C-0974-4888-AA3F-637C0D59A37A}.Debug|x64.ActiveCfg = Debug|Any CPU
		{55FA4D5C-0974-4888-AA3F-637C0D59A37A}.Debug|x64.Build.0 = Debug|Any CPU
		{55FA4D5C-0974-4888-AA3F-637C0D59A37A}.Debug|x86.ActiveCfg = Debug|Any CPU
		{55FA4D5C-0974-4888-AA3F-637C0D59A37A}.Debug|x86.Build.0 = Debug|Any CPU
		{55FA4D5C-0974-4888-AA3F-637C0D59A37A}.Release|Any CPU.ActiveCfg = Release|Any CPU
		{55FA4D5C-0974-4888-AA3F-637C0D59A37A}.Release|Any CPU.Build.0 = Release|Any CPU
		{55FA4D5C-0974-4888-AA3F-637C0D59A37A}.Release|x64.ActiveCfg = Release|Any CPU
		{55FA4D5C-0974-4888-AA3F-637C0D59A37A}.Release|x64.Build.0 = Release|Any CPU
		{55FA4D5C-0974-4888-AA3F-637C0D59A37A}.Release|x86.ActiveCfg = Release|Any CPU
		{55FA4D5C-0974-4888-AA3F-637C0D59A37A}.Release|x86.Build.0 = Release|Any CPU
		{90AF7E06-6B4E-433B-A6DE-A12ED8966450}.Debug|Any CPU.ActiveCfg = Debug|Any CPU
		{90AF7E06-6B4E-433B-A6DE-A12ED8966450}.Debug|Any CPU.Build.0 = Debug|Any CPU
		{90AF7E06-6B4E-433B-A6DE-A12ED8966450}.Debug|x64.ActiveCfg = Debug|Any CPU
		{90AF7E06-6B4E-433B-A6DE-A12ED8966450}.Debug|x64.Build.0 = Debug|Any CPU
		{90AF7E06-6B4E-433B-A6DE-A12ED8966450}.Debug|x86.ActiveCfg = Debug|Any CPU
		{90AF7E06-6B4E-433B-A6DE-A12ED8966450}.Debug|x86.Build.0 = Debug|Any CPU
		{90AF7E06-6B4E-433B-A6DE-A12ED8966450}.Release|Any CPU.ActiveCfg = Release|Any CPU
		{90AF7E06-6B4E-433B-A6DE-A12ED8966450}.Release|Any CPU.Build.0 = Release|Any CPU
		{90AF7E06-6B4E-433B-A6DE-A12ED8966450}.Release|x64.ActiveCfg = Release|Any CPU
		{90AF7E06-6B4E-433B-A6DE-A12ED8966450}.Release|x64.Build.0 = Release|Any CPU
		{90AF7E06-6B4E-433B-A6DE-A12ED8966450}.Release|x86.ActiveCfg = Release|Any CPU
		{90AF7E06-6B4E-433B-A6DE-A12ED8966450}.Release|x86.Build.0 = Release|Any CPU
	EndGlobalSection
	GlobalSection(NestedProjects) = preSolution
		{2C78F284-9853-4E77-96EB-6E8CF7B7D896} = {E00D3439-F075-4184-9F4B-CE86B239CB25}
		{55FA4D5C-0974-4888-AA3F-637C0D59A37A} = {87DB5894-099B-4359-AC39-443204BC7CDE}
		{90AF7E06-6B4E-433B-A6DE-A12ED8966450} = {2BDCC63B-89CF-4C10-BE57-BBBD337F63D1}
	EndGlobalSection
EndGlobal
